
Microsoft Visual Studio Solution File, Format Version 12.00
# Visual Studio 15
VisualStudioVersion = 15.0.27428.2037
MinimumVisualStudioVersion = 10.0.40219.1
Project("{FAE04EC0-301F-11D3-BF4B-00C04F79EFBC}") = "DesvieDosBuracosSeForCapaz", "DesvieDosBuracosSeForCapaz\DesvieDosBuracosSeForCapaz.csproj", "{61B7EB42-C80E-4AA7-B322-0A3DB6FC1E5B}"
EndProject
Global
	GlobalSection(SolutionConfigurationPlatforms) = preSolution
		Debug|Any CPU = Debug|Any CPU
		Release|Any CPU = Release|Any CPU
	EndGlobalSection
	GlobalSection(ProjectConfigurationPlatforms) = postSolution
		{61B7EB42-C80E-4AA7-B322-0A3DB6FC1E5B}.Debug|Any CPU.ActiveCfg = Debug|Any CPU
		{61B7EB42-C80E-4AA7-B322-0A3DB6FC1E5B}.Debug|Any CPU.Build.0 = Debug|Any CPU
		{61B7EB42-C80E-4AA7-B322-0A3DB6FC1E5B}.Debug|Any CPU.Deploy.0 = Debug|Any CPU
		{61B7EB42-C80E-4AA7-B322-0A3DB6FC1E5B}.Release|Any CPU.ActiveCfg = Release|Any CPU
		{61B7EB42-C80E-4AA7-B322-0A3DB6FC1E5B}.Release|Any CPU.Build.0 = Release|Any CPU
		{61B7EB42-C80E-4AA7-B322-0A3DB6FC1E5B}.Release|Any CPU.Deploy.0 = Release|Any CPU
	EndGlobalSection
	GlobalSection(SolutionProperties) = preSolution
		HideSolutionNode = FALSE
	EndGlobalSection
	GlobalSection(ExtensibilityGlobals) = postSolution
		SolutionGuid = {6E84E825-4EC9-40DA-AD86-9F03E28A6369}
	EndGlobalSection
EndGlobal
